
Microsoft Visual Studio Solution File, Format Version 12.00
Project("{FAE04EC0-301F-11D3-BF4B-00C04F79EFBC}") = "SignalChat.Backend", "SignalChat.Backend\SignalChat.Backend.csproj", "{218A063B-26C6-465F-A169-8B1D968468DA}"
EndProject
Project("{FAE04EC0-301F-11D3-BF4B-00C04F79EFBC}") = "SignalChat.Backend.Tests", "SignalChat.Backend.Tests\SignalChat.Backend.Tests.csproj", "{9172EE65-3D85-4B4E-9133-3F9A27B3FEDE}"
EndProject
Global
	GlobalSection(SolutionConfigurationPlatforms) = preSolution
		Debug|Any CPU = Debug|Any CPU
		Release|Any CPU = Release|Any CPU
	EndGlobalSection
	GlobalSection(ProjectConfigurationPlatforms) = postSolution
		{218A063B-26C6-465F-A169-8B1D968468DA}.Debug|Any CPU.ActiveCfg = Debug|Any CPU
		{218A063B-26C6-465F-A169-8B1D968468DA}.Debug|Any CPU.Build.0 = Debug|Any CPU
		{218A063B-26C6-465F-A169-8B1D968468DA}.Release|Any CPU.ActiveCfg = Release|Any CPU
		{218A063B-26C6-465F-A169-8B1D968468DA}.Release|Any CPU.Build.0 = Release|Any CPU
		{9172EE65-3D85-4B4E-9133-3F9A27B3FEDE}.Debug|Any CPU.ActiveCfg = Debug|Any CPU
		{9172EE65-3D85-4B4E-9133-3F9A27B3FEDE}.Debug|Any CPU.Build.0 = Debug|Any CPU
		{9172EE65-3D85-4B4E-9133-3F9A27B3FEDE}.Release|Any CPU.ActiveCfg = Release|Any CPU
		{9172EE65-3D85-4B4E-9133-3F9A27B3FEDE}.Release|Any CPU.Build.0 = Release|Any CPU
	EndGlobalSection
EndGlobal
